
Microsoft Visual Studio Solution File, Format Version 12.00
# Visual Studio 15
VisualStudioVersion = 15.0.28307.106
MinimumVisualStudioVersion = 10.0.40219.1
Project("{8BC9CEB8-8B4A-11D0-8D11-00A0C91BC942}") = "ĐồÁnTH", "ĐồÁnTH\ĐồÁnTH.vcxproj", "{E2D25BFE-34B4-4EC2-9B99-51A1D2891E30}"
EndProject
Global
	GlobalSection(SolutionConfigurationPlatforms) = preSolution
		Debug|x64 = Debug|x64
		Debug|x86 = Debug|x86
		Release|x64 = Release|x64
		Release|x86 = Release|x86
	EndGlobalSection
	GlobalSection(ProjectConfigurationPlatforms) = postSolution
		{E2D25BFE-34B4-4EC2-9B99-51A1D2891E30}.Debug|x64.ActiveCfg = Debug|x64
		{E2D25BFE-34B4-4EC2-9B99-51A1D2891E30}.Debug|x64.Build.0 = Debug|x64
		{E2D25BFE-34B4-4EC2-9B99-51A1D2891E30}.Debug|x86.ActiveCfg = Debug|Win32
		{E2D25BFE-34B4-4EC2-9B99-51A1D2891E30}.Debug|x86.Build.0 = Debug|Win32
		{E2D25BFE-34B4-4EC2-9B99-51A1D2891E30}.Release|x64.ActiveCfg = Release|x64
		{E2D25BFE-34B4-4EC2-9B99-51A1D2891E30}.Release|x64.Build.0 = Release|x64
		{E2D25BFE-34B4-4EC2-9B99-51A1D2891E30}.Release|x86.ActiveCfg = Release|Win32
		{E2D25BFE-34B4-4EC2-9B99-51A1D2891E30}.Release|x86.Build.0 = Release|Win32
	EndGlobalSection
	GlobalSection(SolutionProperties) = preSolution
		HideSolutionNode = FALSE
	EndGlobalSection
	GlobalSection(ExtensibilityGlobals) = postSolution
		SolutionGuid = {9AB36738-4CD6-401C-8721-C75DD37762D5}
	EndGlobalSection
EndGlobal
